
Microsoft Visual Studio Solution File, Format Version 12.00
# Visual Studio Version 17
VisualStudioVersion = 17.2.32616.157
MinimumVisualStudioVersion = 10.0.40219.1
Project("{FAE04EC0-301F-11D3-BF4B-00C04F79EFBC}") = "Musference", "Musference\Musference.csproj", "{B277A5A5-5436-405F-8584-F4BCCAEADC3F}"
EndProject
Global
	GlobalSection(SolutionConfigurationPlatforms) = preSolution
		Debug|Any CPU = Debug|Any CPU
		Release|Any CPU = Release|Any CPU
	EndGlobalSection
	GlobalSection(ProjectConfigurationPlatforms) = postSolution
		{B277A5A5-5436-405F-8584-F4BCCAEADC3F}.Debug|Any CPU.ActiveCfg = Debug|Any CPU
		{B277A5A5-5436-405F-8584-F4BCCAEADC3F}.Debug|Any CPU.Build.0 = Debug|Any CPU
		{B277A5A5-5436-405F-8584-F4BCCAEADC3F}.Release|Any CPU.ActiveCfg = Release|Any CPU
		{B277A5A5-5436-405F-8584-F4BCCAEADC3F}.Release|Any CPU.Build.0 = Release|Any CPU
	EndGlobalSection
	GlobalSection(SolutionProperties) = preSolution
		HideSolutionNode = FALSE
	EndGlobalSection
	GlobalSection(ExtensibilityGlobals) = postSolution
		SolutionGuid = {9BE374C8-E3E5-4EE4-A71C-B7791511280B}
	EndGlobalSection
EndGlobal
